{
  "name": "@translation-helps/mcp-client",
  "version": "1.4.2",
  "lockfileVersion": 3,
  "requires": true,
  "packages": {
    "": {
      "name": "@translation-helps/mcp-client",
      "version": "1.4.2",
      "license": "MIT",
      "dependencies": {
        "tc-helps-ui": "file:../../ui",
        "zod": "^3.22.4"
      },
      "devDependencies": {
        "@types/node": "^20.10.8",
        "typescript": "^5.3.3"
      },
      "engines": {
        "node": ">=18.0.0"
      }
    },
    "../../ui": {
      "name": "tc-helps-ui",
      "version": "7.4.0",
      "dependencies": {
        "@modelcontextprotocol/sdk": "^1.15.1",
        "@neoconfetti/svelte": "^2.0.0",
        "@sveltejs/adapter-cloudflare": "^4.9.0",
        "@sveltejs/kit": "^2.22.0",
        "@sveltejs/vite-plugin-svelte": "^6.0.0",
        "@tailwindcss/vite": "^4.0.0",
        "@translation-helps/mcp-client": "file:../packages/js-sdk",
        "@types/node": "^24.0.14",
        "@types/prismjs": "^1.26.5",
        "fflate": "^0.8.2",
        "lucide-svelte": "^0.525.0",
        "marked": "^16.1.1",
        "mdsvex": "^0.12.3",
        "prismjs": "^1.30.0",
        "tailwindcss": "^4.0.0",
        "zod": "^3.22.4",
        "zod-to-json-schema": "^3.24.6"
      },
      "devDependencies": {
        "@eslint/compat": "^1.2.5",
        "@eslint/js": "^9.18.0",
        "@fontsource/fira-mono": "^5.0.0",
        "@playwright/test": "^1.54.2",
        "@sveltejs/adapter-static": "^3.0.8",
        "@tailwindcss/typography": "^0.5.16",
        "@vitest/browser": "^3.2.3",
        "eslint": "^9.18.0",
        "eslint-config-prettier": "^10.0.1",
        "eslint-plugin-svelte": "^3.0.0",
        "globals": "^16.0.0",
        "playwright": "^1.53.0",
        "prettier": "^3.4.2",
        "prettier-plugin-svelte": "^3.3.3",
        "prettier-plugin-tailwindcss": "^0.6.11",
        "svelte": "^5.25.0",
        "svelte-check": "^4.0.0",
        "typescript": "^5.0.0",
        "typescript-eslint": "^8.20.0",
        "vite": "^7.0.4",
        "vite-plugin-devtools-json": "^0.2.0",
        "vitest": "^3.2.3",
        "vitest-browser-svelte": "^0.1.0"
      }
    },
    "node_modules/@types/node": {
      "version": "20.19.37",
      "resolved": "https://registry.npmjs.org/@types/node/-/node-20.19.37.tgz",
      "integrity": "sha512-8kzdPJ3FsNsVIurqBs7oodNnCEVbni9yUEkaHbgptDACOPW04jimGagZ51E6+lXUwJjgnBw+hyko/lkFWCldqw==",
      "dev": true,
      "license": "MIT",
      "dependencies": {
        "undici-types": "~6.21.0"
      }
    },
    "node_modules/tc-helps-ui": {
      "resolved": "../../ui",
      "link": true
    },
    "node_modules/typescript": {
      "version": "5.9.3",
      "resolved": "https://registry.npmjs.org/typescript/-/typescript-5.9.3.tgz",
      "integrity": "sha512-jl1vZzPDinLr9eUt3J/t7V6FgNEw9QjvBPdysz9KfQDD41fQrC2Y4vKQdiaUpFT4bXlb1RHhLpp8wtm6M5TgSw==",
      "dev": true,
      "license": "Apache-2.0",
      "bin": {
        "tsc": "bin/tsc",
        "tsserver": "bin/tsserver"
      },
      "engines": {
        "node": ">=14.17"
      }
    },
    "node_modules/undici-types": {
      "version": "6.21.0",
      "resolved": "https://registry.npmjs.org/undici-types/-/undici-types-6.21.0.tgz",
      "integrity": "sha512-iwDZqg0QAGrg9Rav5H4n0M64c3mkR59cJ6wQp+7C4nI0gsmExaedaYLNO44eT4AtBBwjbTiGPMlt2Md0T9H9JQ==",
      "dev": true,
      "license": "MIT"
    },
    "node_modules/zod": {
      "version": "3.25.76",
      "resolved": "https://registry.npmjs.org/zod/-/zod-3.25.76.tgz",
      "integrity": "sha512-gzUt/qt81nXsFGKIFcC3YnfEAx5NkunCfnDlvuBSSFS02bcXu4Lmea0AFIUwbLWxWPx3d9p8S5QoaujKcNQxcQ==",
      "license": "MIT",
      "funding": {
        "url": "https://github.com/sponsors/colinhacks"
      }
    }
  }
}
